Microsoft Visual Studio Solution File, Format Version 12.00
# Visual Studio Version 17
VisualStudioVersion = 17.5.2.0
MinimumVisualStudioVersion = 10.0.40219.1
Project("{FAE04EC0-301F-11D3-BF4B-00C04F79EFBC}") = "StudyRoomSystem.Server", "StudyRoomSystem.Server.csproj", "{22C8E2E1-A219-347B-BD27-8C5DFC1EA571}"
EndProject
Global
	GlobalSection(SolutionConfigurationPlatforms) = preSolution
		Debug|Any CPU = Debug|Any CPU
		Release|Any CPU = Release|Any CPU
	EndGlobalSection
	GlobalSection(ProjectConfigurationPlatforms) = postSolution
		{22C8E2E1-A219-347B-BD27-8C5DFC1EA571}.Debug|Any CPU.ActiveCfg = Debug|Any CPU
		{22C8E2E1-A219-347B-BD27-8C5DFC1EA571}.Debug|Any CPU.Build.0 = Debug|Any CPU
		{22C8E2E1-A219-347B-BD27-8C5DFC1EA571}.Release|Any CPU.ActiveCfg = Release|Any CPU
		{22C8E2E1-A219-347B-BD27-8C5DFC1EA571}.Release|Any CPU.Build.0 = Release|Any CPU
	EndGlobalSection
	GlobalSection(SolutionProperties) = preSolution
		HideSolutionNode = FALSE
	EndGlobalSection
	GlobalSection(ExtensibilityGlobals) = postSolution
		SolutionGuid = {9939C8E7-CB5A-42E3-A14B-700AB11D1583}
	EndGlobalSection
EndGlobal
